{
    "_readme": [
        "This file locks the dependencies of your project to a known state",
        "Read more about it at https://getcomposer.org/doc/01-basic-usage.md#composer-lock-the-lock-file",
        "This file is @generated automatically"
    ],
    "hash": "ff7e6e61f6216b261f3b4c67a0b517ca",
    "content-hash": "a45a3e60652b3a31f52b746ae0da4de7",
    "packages": [
        {
            "name": "beberlei/assert",
            "version": "v2.9.9",
            "source": {
                "type": "git",
                "url": "https://github.com/beberlei/assert.git",
                "reference": "124317de301b7c91d5fce34c98bba2c6925bec95"
            },
            "dist": {
                "type": "zip",
                "url": "https://api.github.com/repos/beberlei/assert/zipball/124317de301b7c91d5fce34c98bba2c6925bec95",
                "reference": "124317de301b7c91d5fce34c98bba2c6925bec95",
                "shasum": ""
            },
            "require": {
                "ext-mbstring": "*",
                "php": ">=5.3"
            },
            "require-dev": {
                "friendsofphp/php-cs-fixer": "^2.1.1",
                "phpunit/phpunit": "^4.8.35|^5.7"
            },
            "type": "library",
            "autoload": {
                "psr-4": {
                    "Assert\\": "lib/Assert"
                },
                "files": [
                    "lib/Assert/functions.php"
                ]
            },
            "notification-url": "https://packagist.org/downloads/",
            "license": [
                "BSD-2-Clause"
            ],
            "authors": [
                {
                    "name": "Benjamin Eberlei",
                    "email": "kontakt@beberlei.de",
                    "role": "Lead Developer"
                },
                {
                    "name": "Richard Quadling",
                    "email": "rquadling@gmail.com",
                    "role": "Collaborator"
                }
            ],
            "description": "Thin assertion library for input validation in business models.",
            "keywords": [
                "assert",
                "assertion",
                "validation"
            ],
            "time": "2019-05-28 15:27:37"
        },
        {
            "name": "laborci/valentine-date",
            "version": "1.0",
            "source": {
                "type": "git",
                "url": "https://github.com/laborci/valentine-date.git",
                "reference": "e4627cb861e438bfab761892c5fa071980823990"
            },
            "dist": {
                "type": "zip",
                "url": "https://api.github.com/repos/laborci/valentine-date/zipball/e4627cb861e438bfab761892c5fa071980823990",
                "reference": "e4627cb861e438bfab761892c5fa071980823990",
                "shasum": ""
            },
            "require": {
                "php": ">=7.0"
            },
            "type": "library",
            "autoload": {
                "psr-4": {
                    "Valentine\\": "src/"
                }
            },
            "notification-url": "https://packagist.org/downloads/",
            "time": "2019-02-14 15:45:26"
        },
        {
            "name": "minime/annotations",
            "version": "3.1.0",
            "source": {
                "type": "git",
                "url": "https://github.com/marcioAlmada/annotations.git",
                "reference": "b0eaa76362d4c27dbba1cdab1025684d044907e0"
            },
            "dist": {
                "type": "zip",
                "url": "https://api.github.com/repos/marcioAlmada/annotations/zipball/b0eaa76362d4c27dbba1cdab1025684d044907e0",
                "reference": "b0eaa76362d4c27dbba1cdab1025684d044907e0",
                "shasum": ""
            },
            "require": {
                "ext-json": "*",
                "nikic/php-parser": ">=2.0 <4.0.0",
                "php": ">=5.4.0",
                "regex-guard/regex-guard": "~1.0"
            },
            "require-dev": {
                "mockery/mockery": "^0.9",
                "phpunit/phpunit": ">=4.8 <6.0.0"
            },
            "type": "library",
            "autoload": {
                "psr-4": {
                    "Minime\\Annotations\\": "src/"
                }
            },
            "notification-url": "https://packagist.org/downloads/",
            "license": [
                "MIT"
            ],
            "authors": [
                {
                    "name": "Márcio Almada",
                    "email": "marcio3w@gmail.com",
                    "homepage": "https://github.com/marcioAlmada/"
                }
            ],
            "description": "The KISS PHP annotations library",
            "keywords": [
                "annotations",
                "docblock",
                "metadata",
                "php",
                "reflection"
            ],
            "time": "2017-09-05 15:36:31"
        },
        {
            "name": "nabil1337/case-helper",
            "version": "0.1.0",
            "source": {
                "type": "git",
                "url": "https://github.com/nabil1337/case-helper.git",
                "reference": "8cead5fe6470402d127ae0d759168f9778078992"
            },
            "dist": {
                "type": "zip",
                "url": "https://api.github.com/repos/nabil1337/case-helper/zipball/8cead5fe6470402d127ae0d759168f9778078992",
                "reference": "8cead5fe6470402d127ae0d759168f9778078992",
                "shasum": ""
            },
            "require-dev": {
                "phpunit/phpunit": "4.4.0"
            },
            "type": "library",
            "autoload": {
                "psr-4": {
                    "CaseHelper\\": "src/",
                    "CaseHelper\\Test\\": "tests/"
                }
            },
            "notification-url": "https://packagist.org/downloads/",
            "license": [
                "MIT"
            ],
            "description": "Easily convert between camelCase, PascalCase, kebab-case, snake_case, SCREAMING_SNAKE_CASE, Train-Case, and string case!",
            "time": "2014-12-06 02:33:17"
        },
        {
            "name": "nikic/php-parser",
            "version": "v3.1.5",
            "source": {
                "type": "git",
                "url": "https://github.com/nikic/PHP-Parser.git",
                "reference": "bb87e28e7d7b8d9a7fda231d37457c9210faf6ce"
            },
            "dist": {
                "type": "zip",
                "url": "https://api.github.com/repos/nikic/PHP-Parser/zipball/bb87e28e7d7b8d9a7fda231d37457c9210faf6ce",
                "reference": "bb87e28e7d7b8d9a7fda231d37457c9210faf6ce",
                "shasum": ""
            },
            "require": {
                "ext-tokenizer": "*",
                "php": ">=5.5"
            },
            "require-dev": {
                "phpunit/phpunit": "~4.0|~5.0"
            },
            "bin": [
                "bin/php-parse"
            ],
            "type": "library",
            "extra": {
                "branch-alias": {
                    "dev-master": "3.0-dev"
                }
            },
            "autoload": {
                "psr-4": {
                    "PhpParser\\": "lib/PhpParser"
                }
            },
            "notification-url": "https://packagist.org/downloads/",
            "license": [
                "BSD-3-Clause"
            ],
            "authors": [
                {
                    "name": "Nikita Popov"
                }
            ],
            "description": "A PHP parser written in PHP",
            "keywords": [
                "parser",
                "php"
            ],
            "time": "2018-02-28 20:30:58"
        },
        {
            "name": "paragonie/random_compat",
            "version": "v9.99.99",
            "source": {
                "type": "git",
                "url": "https://github.com/paragonie/random_compat.git",
                "reference": "84b4dfb120c6f9b4ff7b3685f9b8f1aa365a0c95"
            },
            "dist": {
                "type": "zip",
                "url": "https://api.github.com/repos/paragonie/random_compat/zipball/84b4dfb120c6f9b4ff7b3685f9b8f1aa365a0c95",
                "reference": "84b4dfb120c6f9b4ff7b3685f9b8f1aa365a0c95",
                "shasum": ""
            },
            "require": {
                "php": "^7"
            },
            "require-dev": {
                "phpunit/phpunit": "4.*|5.*",
                "vimeo/psalm": "^1"
            },
            "suggest": {
                "ext-libsodium": "Provides a modern crypto API that can be used to generate random bytes."
            },
            "type": "library",
            "notification-url": "https://packagist.org/downloads/",
            "license": [
                "MIT"
            ],
            "authors": [
                {
                    "name": "Paragon Initiative Enterprises",
                    "email": "security@paragonie.com",
                    "homepage": "https://paragonie.com"
                }
            ],
            "description": "PHP 5.x polyfill for random_bytes() and random_int() from PHP 7",
            "keywords": [
                "csprng",
                "polyfill",
                "pseudorandom",
                "random"
            ],
            "time": "2018-07-02 15:55:56"
        },
        {
            "name": "php-school/cli-menu",
            "version": "2.1.0",
            "source": {
                "type": "git",
                "url": "https://github.com/php-school/cli-menu.git",
                "reference": "62d3f44a68774d42ecae3adaacdf4811b0fbff9c"
            },
            "dist": {
                "type": "zip",
                "url": "https://api.github.com/repos/php-school/cli-menu/zipball/62d3f44a68774d42ecae3adaacdf4811b0fbff9c",
                "reference": "62d3f44a68774d42ecae3adaacdf4811b0fbff9c",
                "shasum": ""
            },
            "require": {
                "beberlei/assert": "^2.4",
                "ext-posix": "*",
                "php": ">=5.6"
            },
            "require-dev": {
                "phpunit/phpunit": "~5.0",
                "squizlabs/php_codesniffer": "~2.0"
            },
            "type": "library",
            "autoload": {
                "psr-4": {
                    "PhpSchool\\CliMenu\\": "src"
                }
            },
            "notification-url": "https://packagist.org/downloads/",
            "license": [
                "MIT"
            ],
            "authors": [
                {
                    "name": "Michael Woodward",
                    "email": "mikeymike.mw@gmail.com"
                },
                {
                    "name": "Aydin Hassan",
                    "email": "aydin@hotmail.com"
                }
            ],
            "description": "A command line menu helper in PHP",
            "keywords": [
                "cli",
                "console",
                "menu",
                "php-school",
                "phpschool",
                "terminal"
            ],
            "time": "2017-12-11 19:36:16"
        },
        {
            "name": "psr/log",
            "version": "1.1.0",
            "source": {
                "type": "git",
                "url": "https://github.com/php-fig/log.git",
                "reference": "6c001f1daafa3a3ac1d8ff69ee4db8e799a654dd"
            },
            "dist": {
                "type": "zip",
                "url": "https://api.github.com/repos/php-fig/log/zipball/6c001f1daafa3a3ac1d8ff69ee4db8e799a654dd",
                "reference": "6c001f1daafa3a3ac1d8ff69ee4db8e799a654dd",
                "shasum": ""
            },
            "require": {
                "php": ">=5.3.0"
            },
            "type": "library",
            "extra": {
                "branch-alias": {
                    "dev-master": "1.0.x-dev"
                }
            },
            "autoload": {
                "psr-4": {
                    "Psr\\Log\\": "Psr/Log/"
                }
            },
            "notification-url": "https://packagist.org/downloads/",
            "license": [
                "MIT"
            ],
            "authors": [
                {
                    "name": "PHP-FIG",
                    "homepage": "http://www.php-fig.org/"
                }
            ],
            "description": "Common interface for logging libraries",
            "homepage": "https://github.com/php-fig/log",
            "keywords": [
                "log",
                "psr",
                "psr-3"
            ],
            "time": "2018-11-20 15:27:04"
        },
        {
            "name": "redant/console",
            "version": "v1.0.1",
            "source": {
                "type": "git",
                "url": "https://github.com/redantnl/console.git",
                "reference": "2b3c597878527589ebf44822f99342b16fc85362"
            },
            "dist": {
                "type": "zip",
                "url": "https://api.github.com/repos/redantnl/console/zipball/2b3c597878527589ebf44822f99342b16fc85362",
                "reference": "2b3c597878527589ebf44822f99342b16fc85362",
                "shasum": ""
            },
            "require": {
                "php-school/cli-menu": "^2.0",
                "symfony/console": "2.*||^3.0||^4.0"
            },
            "type": "library",
            "autoload": {
                "psr-4": {
                    "RedAnt\\Console\\": ""
                }
            },
            "notification-url": "https://packagist.org/downloads/",
            "license": [
                "MIT"
            ],
            "authors": [
                {
                    "name": "Gert Wijnalda",
                    "email": "gert@redant.nl"
                }
            ],
            "description": "Menu helper for Symfony Console component",
            "time": "2018-03-11 19:12:31"
        },
        {
            "name": "regex-guard/regex-guard",
            "version": "1.1.0",
            "source": {
                "type": "git",
                "url": "https://github.com/marcioAlmada/regex-guard.git",
                "reference": "dc9a8199f4ebef4c21603ad1f6a8cb53542e7d29"
            },
            "dist": {
                "type": "zip",
                "url": "https://api.github.com/repos/marcioAlmada/regex-guard/zipball/dc9a8199f4ebef4c21603ad1f6a8cb53542e7d29",
                "reference": "dc9a8199f4ebef4c21603ad1f6a8cb53542e7d29",
                "shasum": ""
            },
            "require-dev": {
                "mockery/mockery": "dev-master"
            },
            "type": "library",
            "autoload": {
                "psr-4": {
                    "RegexGuard\\": "src/"
                }
            },
            "notification-url": "https://packagist.org/downloads/",
            "license": [
                "MIT"
            ],
            "authors": [
                {
                    "name": "Márcio Almada",
                    "email": "marcio3w@gmail.com",
                    "homepage": "https://github.com/marcioAlmada/"
                }
            ],
            "description": "A wrapper that allows you to validate regular expressions and handle normally uncatchable PCRE compilation warnings",
            "keywords": [
                "PCRE",
                "preg",
                "regex",
                "regexp",
                "support",
                "utils"
            ],
            "time": "2014-09-17 18:04:00"
        },
        {
            "name": "riimu/kit-phpencoder",
            "version": "v2.4.0",
            "source": {
                "type": "git",
                "url": "https://github.com/Riimu/Kit-PHPEncoder.git",
                "reference": "7e876d25019c3f6c23321ab5ac1a55c72fcd0933"
            },
            "dist": {
                "type": "zip",
                "url": "https://api.github.com/repos/Riimu/Kit-PHPEncoder/zipball/7e876d25019c3f6c23321ab5ac1a55c72fcd0933",
                "reference": "7e876d25019c3f6c23321ab5ac1a55c72fcd0933",
                "shasum": ""
            },
            "require": {
                "php": ">=5.6.0"
            },
            "require-dev": {
                "phpunit/phpunit": "^7.2 || ^6.5 || ^5.7"
            },
            "suggest": {
                "ext-gmp": "To convert GMP numbers into PHP code"
            },
            "type": "library",
            "autoload": {
                "psr-4": {
                    "Riimu\\Kit\\PHPEncoder\\": "src/"
                }
            },
            "notification-url": "https://packagist.org/downloads/",
            "license": [
                "MIT"
            ],
            "authors": [
                {
                    "name": "Riikka Kalliomäki",
                    "email": "riikka.kalliomaki@gmail.com",
                    "homepage": "http://riimu.net"
                }
            ],
            "description": "Highly customizable alternative to var_export for PHP code generation",
            "homepage": "http://kit.riimu.net",
            "keywords": [
                "code",
                "encoder",
                "export",
                "generator",
                "variable"
            ],
            "time": "2018-07-03 12:46:23"
        },
        {
            "name": "symfony/console",
            "version": "v3.4.28",
            "source": {
                "type": "git",
                "url": "https://github.com/symfony/console.git",
                "reference": "8e1d1e406dd31727fa70cd5a99cda202e9d6a5c6"
            },
            "dist": {
                "type": "zip",
                "url": "https://api.github.com/repos/symfony/console/zipball/8e1d1e406dd31727fa70cd5a99cda202e9d6a5c6",
                "reference": "8e1d1e406dd31727fa70cd5a99cda202e9d6a5c6",
                "shasum": ""
            },
            "require": {
                "php": "^5.5.9|>=7.0.8",
                "symfony/debug": "~2.8|~3.0|~4.0",
                "symfony/polyfill-mbstring": "~1.0"
            },
            "conflict": {
                "symfony/dependency-injection": "<3.4",
                "symfony/process": "<3.3"
            },
            "provide": {
                "psr/log-implementation": "1.0"
            },
            "require-dev": {
                "psr/log": "~1.0",
                "symfony/config": "~3.3|~4.0",
                "symfony/dependency-injection": "~3.4|~4.0",
                "symfony/event-dispatcher": "~2.8|~3.0|~4.0",
                "symfony/lock": "~3.4|~4.0",
                "symfony/process": "~3.3|~4.0"
            },
            "suggest": {
                "psr/log": "For using the console logger",
                "symfony/event-dispatcher": "",
                "symfony/lock": "",
                "symfony/process": ""
            },
            "type": "library",
            "extra": {
                "branch-alias": {
                    "dev-master": "3.4-dev"
                }
            },
            "autoload": {
                "psr-4": {
                    "Symfony\\Component\\Console\\": ""
                },
                "exclude-from-classmap": [
                    "/Tests/"
                ]
            },
            "notification-url": "https://packagist.org/downloads/",
            "license": [
                "MIT"
            ],
            "authors": [
                {
                    "name": "Fabien Potencier",
                    "email": "fabien@symfony.com"
                },
                {
                    "name": "Symfony Community",
                    "homepage": "https://symfony.com/contributors"
                }
            ],
            "description": "Symfony Console Component",
            "homepage": "https://symfony.com",
            "time": "2019-05-09 08:42:51"
        },
        {
            "name": "symfony/debug",
            "version": "v4.3.0",
            "source": {
                "type": "git",
                "url": "https://github.com/symfony/debug.git",
                "reference": "97cde06d798f1326857090bc1b7c8f9d225c3dcb"
            },
            "dist": {
                "type": "zip",
                "url": "https://api.github.com/repos/symfony/debug/zipball/97cde06d798f1326857090bc1b7c8f9d225c3dcb",
                "reference": "97cde06d798f1326857090bc1b7c8f9d225c3dcb",
                "shasum": ""
            },
            "require": {
                "php": "^7.1.3",
                "psr/log": "~1.0"
            },
            "conflict": {
                "symfony/http-kernel": "<3.4"
            },
            "require-dev": {
                "symfony/http-kernel": "~3.4|~4.0"
            },
            "type": "library",
            "extra": {
                "branch-alias": {
                    "dev-master": "4.3-dev"
                }
            },
            "autoload": {
                "psr-4": {
                    "Symfony\\Component\\Debug\\": ""
                },
                "exclude-from-classmap": [
                    "/Tests/"
                ]
            },
            "notification-url": "https://packagist.org/downloads/",
            "license": [
                "MIT"
            ],
            "authors": [
                {
                    "name": "Fabien Potencier",
                    "email": "fabien@symfony.com"
                },
                {
                    "name": "Symfony Community",
                    "homepage": "https://symfony.com/contributors"
                }
            ],
            "description": "Symfony Debug Component",
            "homepage": "https://symfony.com",
            "time": "2019-05-20 16:16:12"
        },
        {
            "name": "symfony/http-foundation",
            "version": "v3.4.28",
            "source": {
                "type": "git",
                "url": "https://github.com/symfony/http-foundation.git",
                "reference": "677ae5e892b081e71a665bfa7dd90fe61800c00e"
            },
            "dist": {
                "type": "zip",
                "url": "https://api.github.com/repos/symfony/http-foundation/zipball/677ae5e892b081e71a665bfa7dd90fe61800c00e",
                "reference": "677ae5e892b081e71a665bfa7dd90fe61800c00e",
                "shasum": ""
            },
            "require": {
                "php": "^5.5.9|>=7.0.8",
                "symfony/polyfill-mbstring": "~1.1",
                "symfony/polyfill-php70": "~1.6"
            },
            "require-dev": {
                "symfony/expression-language": "~2.8|~3.0|~4.0"
            },
            "type": "library",
            "extra": {
                "branch-alias": {
                    "dev-master": "3.4-dev"
                }
            },
            "autoload": {
                "psr-4": {
                    "Symfony\\Component\\HttpFoundation\\": ""
                },
                "exclude-from-classmap": [
                    "/Tests/"
                ]
            },
            "notification-url": "https://packagist.org/downloads/",
            "license": [
                "MIT"
            ],
            "authors": [
                {
                    "name": "Fabien Potencier",
                    "email": "fabien@symfony.com"
                },
                {
                    "name": "Symfony Community",
                    "homepage": "https://symfony.com/contributors"
                }
            ],
            "description": "Symfony HttpFoundation Component",
            "homepage": "https://symfony.com",
            "time": "2019-05-27 05:50:24"
        },
        {
            "name": "symfony/polyfill-ctype",
            "version": "v1.11.0",
            "source": {
                "type": "git",
                "url": "https://github.com/symfony/polyfill-ctype.git",
                "reference": "82ebae02209c21113908c229e9883c419720738a"
            },
            "dist": {
                "type": "zip",
                "url": "https://api.github.com/repos/symfony/polyfill-ctype/zipball/82ebae02209c21113908c229e9883c419720738a",
                "reference": "82ebae02209c21113908c229e9883c419720738a",
                "shasum": ""
            },
            "require": {
                "php": ">=5.3.3"
            },
            "suggest": {
                "ext-ctype": "For best performance"
            },
            "type": "library",
            "extra": {
                "branch-alias": {
                    "dev-master": "1.11-dev"
                }
            },
            "autoload": {
                "psr-4": {
                    "Symfony\\Polyfill\\Ctype\\": ""
                },
                "files": [
                    "bootstrap.php"
                ]
            },
            "notification-url": "https://packagist.org/downloads/",
            "license": [
                "MIT"
            ],
            "authors": [
                {
                    "name": "Symfony Community",
                    "homepage": "https://symfony.com/contributors"
                },
                {
                    "name": "Gert de Pagter",
                    "email": "BackEndTea@gmail.com"
                }
            ],
            "description": "Symfony polyfill for ctype functions",
            "homepage": "https://symfony.com",
            "keywords": [
                "compatibility",
                "ctype",
                "polyfill",
                "portable"
            ],
            "time": "2019-02-06 07:57:58"
        },
        {
            "name": "symfony/polyfill-mbstring",
            "version": "v1.11.0",
            "source": {
                "type": "git",
                "url": "https://github.com/symfony/polyfill-mbstring.git",
                "reference": "fe5e94c604826c35a32fa832f35bd036b6799609"
            },
            "dist": {
                "type": "zip",
                "url": "https://api.github.com/repos/symfony/polyfill-mbstring/zipball/fe5e94c604826c35a32fa832f35bd036b6799609",
                "reference": "fe5e94c604826c35a32fa832f35bd036b6799609",
                "shasum": ""
            },
            "require": {
                "php": ">=5.3.3"
            },
            "suggest": {
                "ext-mbstring": "For best performance"
            },
            "type": "library",
            "extra": {
                "branch-alias": {
                    "dev-master": "1.11-dev"
                }
            },
            "autoload": {
                "psr-4": {
                    "Symfony\\Polyfill\\Mbstring\\": ""
                },
                "files": [
                    "bootstrap.php"
                ]
            },
            "notification-url": "https://packagist.org/downloads/",
            "license": [
                "MIT"
            ],
            "authors": [
                {
                    "name": "Nicolas Grekas",
                    "email": "p@tchwork.com"
                },
                {
                    "name": "Symfony Community",
                    "homepage": "https://symfony.com/contributors"
                }
            ],
            "description": "Symfony polyfill for the Mbstring extension",
            "homepage": "https://symfony.com",
            "keywords": [
                "compatibility",
                "mbstring",
                "polyfill",
                "portable",
                "shim"
            ],
            "time": "2019-02-06 07:57:58"
        },
        {
            "name": "symfony/polyfill-php70",
            "version": "v1.11.0",
            "source": {
                "type": "git",
                "url": "https://github.com/symfony/polyfill-php70.git",
                "reference": "bc4858fb611bda58719124ca079baff854149c89"
            },
            "dist": {
                "type": "zip",
                "url": "https://api.github.com/repos/symfony/polyfill-php70/zipball/bc4858fb611bda58719124ca079baff854149c89",
                "reference": "bc4858fb611bda58719124ca079baff854149c89",
                "shasum": ""
            },
            "require": {
                "paragonie/random_compat": "~1.0|~2.0|~9.99",
                "php": ">=5.3.3"
            },
            "type": "library",
            "extra": {
                "branch-alias": {
                    "dev-master": "1.11-dev"
                }
            },
            "autoload": {
                "psr-4": {
                    "Symfony\\Polyfill\\Php70\\": ""
                },
                "files": [
                    "bootstrap.php"
                ],
                "classmap": [
                    "Resources/stubs"
                ]
            },
            "notification-url": "https://packagist.org/downloads/",
            "license": [
                "MIT"
            ],
            "authors": [
                {
                    "name": "Nicolas Grekas",
                    "email": "p@tchwork.com"
                },
                {
                    "name": "Symfony Community",
                    "homepage": "https://symfony.com/contributors"
                }
            ],
            "description": "Symfony polyfill backporting some PHP 7.0+ features to lower PHP versions",
            "homepage": "https://symfony.com",
            "keywords": [
                "compatibility",
                "polyfill",
                "portable",
                "shim"
            ],
            "time": "2019-02-06 07:57:58"
        },
        {
            "name": "symfony/yaml",
            "version": "v4.3.0",
            "source": {
                "type": "git",
                "url": "https://github.com/symfony/yaml.git",
                "reference": "c60ecf5ba842324433b46f58dc7afc4487dbab99"
            },
            "dist": {
                "type": "zip",
                "url": "https://api.github.com/repos/symfony/yaml/zipball/c60ecf5ba842324433b46f58dc7afc4487dbab99",
                "reference": "c60ecf5ba842324433b46f58dc7afc4487dbab99",
                "shasum": ""
            },
            "require": {
                "php": "^7.1.3",
                "symfony/polyfill-ctype": "~1.8"
            },
            "conflict": {
                "symfony/console": "<3.4"
            },
            "require-dev": {
                "symfony/console": "~3.4|~4.0"
            },
            "suggest": {
                "symfony/console": "For validating YAML files using the lint command"
            },
            "type": "library",
            "extra": {
                "branch-alias": {
                    "dev-master": "4.3-dev"
                }
            },
            "autoload": {
                "psr-4": {
                    "Symfony\\Component\\Yaml\\": ""
                },
                "exclude-from-classmap": [
                    "/Tests/"
                ]
            },
            "notification-url": "https://packagist.org/downloads/",
            "license": [
                "MIT"
            ],
            "authors": [
                {
                    "name": "Fabien Potencier",
                    "email": "fabien@symfony.com"
                },
                {
                    "name": "Symfony Community",
                    "homepage": "https://symfony.com/contributors"
                }
            ],
            "description": "Symfony Yaml Component",
            "homepage": "https://symfony.com",
            "time": "2019-04-06 14:04:46"
        },
        {
            "name": "twig/twig",
            "version": "v2.11.0",
            "source": {
                "type": "git",
                "url": "https://github.com/twigphp/Twig.git",
                "reference": "c344879ae57dc1487b1df3e3d8325936125ba2cc"
            },
            "dist": {
                "type": "zip",
                "url": "https://api.github.com/repos/twigphp/Twig/zipball/c344879ae57dc1487b1df3e3d8325936125ba2cc",
                "reference": "c344879ae57dc1487b1df3e3d8325936125ba2cc",
                "shasum": ""
            },
            "require": {
                "php": "^7.0",
                "symfony/polyfill-ctype": "^1.8",
                "symfony/polyfill-mbstring": "^1.3"
            },
            "require-dev": {
                "psr/container": "^1.0",
                "symfony/debug": "^2.7",
                "symfony/phpunit-bridge": "^3.4.19|^4.1.8"
            },
            "type": "library",
            "extra": {
                "branch-alias": {
                    "dev-master": "2.11-dev"
                }
            },
            "autoload": {
                "psr-0": {
                    "Twig_": "lib/"
                },
                "psr-4": {
                    "Twig\\": "src/"
                }
            },
            "notification-url": "https://packagist.org/downloads/",
            "license": [
                "BSD-3-Clause"
            ],
            "authors": [
                {
                    "name": "Fabien Potencier",
                    "email": "fabien@symfony.com",
                    "homepage": "http://fabien.potencier.org",
                    "role": "Lead Developer"
                },
                {
                    "name": "Armin Ronacher",
                    "email": "armin.ronacher@active-4.com",
                    "role": "Project Founder"
                },
                {
                    "name": "Twig Team",
                    "homepage": "https://twig.symfony.com/contributors",
                    "role": "Contributors"
                }
            ],
            "description": "Twig, the flexible, fast, and secure template language for PHP",
            "homepage": "https://twig.symfony.com",
            "keywords": [
                "templating"
            ],
            "time": "2019-05-31 06:21:42"
        }
    ],
    "packages-dev": [],
    "aliases": [],
    "minimum-stability": "stable",
    "stability-flags": [],
    "prefer-stable": false,
    "prefer-lowest": false,
    "platform": [],
    "platform-dev": []
}
